
Microsoft Visual Studio Solution File, Format Version 12.00
# Visual Studio Version 17
VisualStudioVersion = 17.5.33424.131
MinimumVisualStudioVersion = 10.0.40219.1
Project("{FAE04EC0-301F-11D3-BF4B-00C04F79EFBC}") = "Law_Firm_Management_System_API", "Law_Firm_Management_System_API\Law_Firm_Management_System_API.csproj", "{98AE767F-506F-47AA-B7B3-CDF149A6B82A}"
EndProject
Global
	GlobalSection(SolutionConfigurationPlatforms) = preSolution
		Debug|Any CPU = Debug|Any CPU
		Release|Any CPU = Release|Any CPU
	EndGlobalSection
	GlobalSection(ProjectConfigurationPlatforms) = postSolution
		{98AE767F-506F-47AA-B7B3-CDF149A6B82A}.Debug|Any CPU.ActiveCfg = Debug|Any CPU
		{98AE767F-506F-47AA-B7B3-CDF149A6B82A}.Debug|Any CPU.Build.0 = Debug|Any CPU
		{98AE767F-506F-47AA-B7B3-CDF149A6B82A}.Release|Any CPU.ActiveCfg = Release|Any CPU
		{98AE767F-506F-47AA-B7B3-CDF149A6B82A}.Release|Any CPU.Build.0 = Release|Any CPU
	EndGlobalSection
	GlobalSection(SolutionProperties) = preSolution
		HideSolutionNode = FALSE
	EndGlobalSection
	GlobalSection(ExtensibilityGlobals) = postSolution
		SolutionGuid = {A3B89FD8-6D23-4093-A95C-80DDC0D83174}
	EndGlobalSection
EndGlobal
